
Microsoft Visual Studio Solution File, Format Version 12.00
# Visual Studio Version 16
VisualStudioVersion = 16.0.30104.148
MinimumVisualStudioVersion = 10.0.40219.1
Project("{9A19103F-16F7-4668-BE54-9A1E7A4F7556}") = "Riders.Tweakbox", "Riders.Tweakbox\Riders.Tweakbox.csproj", "{98C7BCEE-7B20-46E5-9E17-C81FE537E4C0}"
EndProject
Project("{2150E333-8FDC-42A3-9474-1A3956D46DE8}") = "Submodules", "Submodules", "{B1F8CFC6-AB03-441E-8076-4A073E8A0257}"
EndProject
Project("{9A19103F-16F7-4668-BE54-9A1E7A4F7556}") = "Sewer56.SonicRiders", "Submodules\Sewer56.SonicRiders\Sewer56.SonicRiders\Sewer56.SonicRiders.csproj", "{2D57BA54-815A-47E0-A1C2-93C069B9A812}"
EndProject
Project("{9A19103F-16F7-4668-BE54-9A1E7A4F7556}") = "Sewer56.Imgui", "Submodules\Sewer56.Imgui\Sewer56.Imgui.csproj", "{4B5AE225-E6B1-4E49-9904-B37F6BF9A062}"
EndProject
Project("{9A19103F-16F7-4668-BE54-9A1E7A4F7556}") = "Sewer56.NumberUtilities", "Submodules\NumberUtilities\Sewer56.NumberUtilities\Sewer56.NumberUtilities.csproj", "{2302057B-695B-4B89-9D48-34BD474E4345}"
EndProject
Project("{2150E333-8FDC-42A3-9474-1A3956D46DE8}") = "Netplay", "Netplay", "{D9DF0046-A7C7-45BE-B7E6-3ADC7A091CDF}"
EndProject
Project("{9A19103F-16F7-4668-BE54-9A1E7A4F7556}") = "Riders.Netplay.Messages", "Netplay\SonicRiders.Utils.Netplay.Messages\Riders.Netplay.Messages.csproj", "{A2B02136-FF91-4DEA-98EB-BF31A2CD22D4}"
EndProject
Project("{9A19103F-16F7-4668-BE54-9A1E7A4F7556}") = "Riders.Netplay.Messages.Tests", "Netplay\SonicRiders.Utils.Netplay.Tests\Riders.Netplay.Messages.Tests.csproj", "{C5577FB0-4C96-4EBA-974F-349C7636F532}"
EndProject
Project("{9A19103F-16F7-4668-BE54-9A1E7A4F7556}") = "Sewer56.Hooks.Utilities", "Submodules\Sewer56.Hooks.Utilities\Sewer56.Hooks.Utilities.csproj", "{FE39E8DA-3BBE-4AE0-AE09-C764DC9E7859}"
EndProject
Project("{9A19103F-16F7-4668-BE54-9A1E7A4F7556}") = "LiteNetLib", "Submodules\LiteNetLib\LiteNetLib\LiteNetLib.csproj", "{7EB42C29-642F-4D49-9668-09D1F2D8515A}"
EndProject
Project("{9A19103F-16F7-4668-BE54-9A1E7A4F7556}") = "Sewer56.BitStream", "Submodules\Sewer56.BitStream\Sewer56.BitStream\Sewer56.BitStream.csproj", "{0B7E0B21-C01F-416D-9909-B674FD4631BE}"
EndProject
Project("{9A19103F-16F7-4668-BE54-9A1E7A4F7556}") = "MLAPI.Puncher.Server.Console", "Netplay\MLAPI.Puncher.Server.Console\MLAPI.Puncher.Server.Console.csproj", "{0E5C5515-ADE4-48F2-AA80-C7FD821F99F4}"
EndProject
Project("{9A19103F-16F7-4668-BE54-9A1E7A4F7556}") = "MLAPI.Puncher.LiteNetLib", "Netplay\MLAPI.Puncher.LiteNetLib\MLAPI.Puncher.LiteNetLib.csproj", "{0A750973-AB0A-4520-8049-CFE04CB06994}"
EndProject
Project("{2150E333-8FDC-42A3-9474-1A3956D46DE8}") = "MLAPI", "MLAPI", "{0730E42C-E129-4620-8F89-429EFA5FDC52}"
EndProject
Project("{9A19103F-16F7-4668-BE54-9A1E7A4F7556}") = "MLAPI.Puncher.Server", "Submodules\MLAPI.Puncher\MLAPI.Puncher.Server\MLAPI.Puncher.Server.csproj", "{73021870-B3CE-41DB-B940-118D7A299043}"
EndProject
Project("{9A19103F-16F7-4668-BE54-9A1E7A4F7556}") = "MLAPI.Puncher.Shared", "Submodules\MLAPI.Puncher\MLAPI.Puncher.Shared\MLAPI.Puncher.Shared.csproj", "{E299C21F-9CB8-4AA7-8C1A-B5A5BDB0301F}"
EndProject
Project("{9A19103F-16F7-4668-BE54-9A1E7A4F7556}") = "MLAPI.Puncher.Client", "Submodules\MLAPI.Puncher\MLAPI.Puncher.Client\MLAPI.Puncher.Client.csproj", "{9D4920C4-DE82-4CB5-BA97-D68E68B8656F}"
EndProject
Project("{9A19103F-16F7-4668-BE54-9A1E7A4F7556}") = "Riders.Tweakbox.API.SDK", "Submodules\Riders.Tweakbox.API\Source\Riders.Tweakbox.API.SDK\Riders.Tweakbox.API.SDK.csproj", "{23053311-F73F-4C94-86F0-0B9F6AD4F67A}"
EndProject
Project("{9A19103F-16F7-4668-BE54-9A1E7A4F7556}") = "Riders.Tweakbox.API.Application.Commands", "Submodules\Riders.Tweakbox.API\Source\Riders.Tweakbox.API.Application.Commands\Riders.Tweakbox.API.Application.Commands.csproj", "{4AEADEBE-41AE-4EB1-99D3-5168CE63CC84}"
EndProject
Project("{9A19103F-16F7-4668-BE54-9A1E7A4F7556}") = "Reloaded.Universal.Redirector.Interfaces", "Submodules\reloaded.universal.redirector\Reloaded.Universal.Redirector.Interfaces\Reloaded.Universal.Redirector.Interfaces.csproj", "{FD6F13B0-8703-4460-A858-F0414AC3D9AE}"
EndProject
Project("{FAE04EC0-301F-11D3-BF4B-00C04F79EFBC}") = "Riders.Tweakbox.Shared", "Riders.Tweakbox.Shared\Riders.Tweakbox.Shared.csproj", "{EA1F1FCA-1A9F-44BF-9819-875086C1772D}"
EndProject
Global
	GlobalSection(SolutionConfigurationPlatforms) = preSolution
		Debug|Any CPU = Debug|Any CPU
		Release|Any CPU = Release|Any CPU
	EndGlobalSection
	GlobalSection(ProjectConfigurationPlatforms) = postSolution
		{98C7BCEE-7B20-46E5-9E17-C81FE537E4C0}.Debug|Any CPU.ActiveCfg = Debug|Any CPU
		{98C7BCEE-7B20-46E5-9E17-C81FE537E4C0}.Debug|Any CPU.Build.0 = Debug|Any CPU
		{98C7BCEE-7B20-46E5-9E17-C81FE537E4C0}.Release|Any CPU.ActiveCfg = Release|Any CPU
		{98C7BCEE-7B20-46E5-9E17-C81FE537E4C0}.Release|Any CPU.Build.0 = Release|Any CPU
		{2D57BA54-815A-47E0-A1C2-93C069B9A812}.Debug|Any CPU.ActiveCfg = Debug|Any CPU
		{2D57BA54-815A-47E0-A1C2-93C069B9A812}.Debug|Any CPU.Build.0 = Debug|Any CPU
		{2D57BA54-815A-47E0-A1C2-93C069B9A812}.Release|Any CPU.ActiveCfg = Release|Any CPU
		{2D57BA54-815A-47E0-A1C2-93C069B9A812}.Release|Any CPU.Build.0 = Release|Any CPU
		{4B5AE225-E6B1-4E49-9904-B37F6BF9A062}.Debug|Any CPU.ActiveCfg = Debug|Any CPU
		{4B5AE225-E6B1-4E49-9904-B37F6BF9A062}.Debug|Any CPU.Build.0 = Debug|Any CPU
		{4B5AE225-E6B1-4E49-9904-B37F6BF9A062}.Release|Any CPU.ActiveCfg = Release|Any CPU
		{4B5AE225-E6B1-4E49-9904-B37F6BF9A062}.Release|Any CPU.Build.0 = Release|Any CPU
		{2302057B-695B-4B89-9D48-34BD474E4345}.Debug|Any CPU.ActiveCfg = Debug|Any CPU
		{2302057B-695B-4B89-9D48-34BD474E4345}.Debug|Any CPU.Build.0 = Debug|Any CPU
		{2302057B-695B-4B89-9D48-34BD474E4345}.Release|Any CPU.ActiveCfg = Release|Any CPU
		{2302057B-695B-4B89-9D48-34BD474E4345}.Release|Any CPU.Build.0 = Release|Any CPU
		{A2B02136-FF91-4DEA-98EB-BF31A2CD22D4}.Debug|Any CPU.ActiveCfg = Debug|Any CPU
		{A2B02136-FF91-4DEA-98EB-BF31A2CD22D4}.Debug|Any CPU.Build.0 = Debug|Any CPU
		{A2B02136-FF91-4DEA-98EB-BF31A2CD22D4}.Release|Any CPU.ActiveCfg = Release|Any CPU
		{A2B02136-FF91-4DEA-98EB-BF31A2CD22D4}.Release|Any CPU.Build.0 = Release|Any CPU
		{C5577FB0-4C96-4EBA-974F-349C7636F532}.Debug|Any CPU.ActiveCfg = Debug|Any CPU
		{C5577FB0-4C96-4EBA-974F-349C7636F532}.Debug|Any CPU.Build.0 = Debug|Any CPU
		{C5577FB0-4C96-4EBA-974F-349C7636F532}.Release|Any CPU.ActiveCfg = Release|Any CPU
		{C5577FB0-4C96-4EBA-974F-349C7636F532}.Release|Any CPU.Build.0 = Release|Any CPU
		{FE39E8DA-3BBE-4AE0-AE09-C764DC9E7859}.Debug|Any CPU.ActiveCfg = Debug|Any CPU
		{FE39E8DA-3BBE-4AE0-AE09-C764DC9E7859}.Debug|Any CPU.Build.0 = Debug|Any CPU
		{FE39E8DA-3BBE-4AE0-AE09-C764DC9E7859}.Release|Any CPU.ActiveCfg = Release|Any CPU
		{FE39E8DA-3BBE-4AE0-AE09-C764DC9E7859}.Release|Any CPU.Build.0 = Release|Any CPU
		{7EB42C29-642F-4D49-9668-09D1F2D8515A}.Debug|Any CPU.ActiveCfg = Debug|Any CPU
		{7EB42C29-642F-4D49-9668-09D1F2D8515A}.Debug|Any CPU.Build.0 = Debug|Any CPU
		{7EB42C29-642F-4D49-9668-09D1F2D8515A}.Release|Any CPU.ActiveCfg = Release|Any CPU
		{7EB42C29-642F-4D49-9668-09D1F2D8515A}.Release|Any CPU.Build.0 = Release|Any CPU
		{0B7E0B21-C01F-416D-9909-B674FD4631BE}.Debug|Any CPU.ActiveCfg = Debug|Any CPU
		{0B7E0B21-C01F-416D-9909-B674FD4631BE}.Debug|Any CPU.Build.0 = Debug|Any CPU
		{0B7E0B21-C01F-416D-9909-B674FD4631BE}.Release|Any CPU.ActiveCfg = Release|Any CPU
		{0B7E0B21-C01F-416D-9909-B674FD4631BE}.Release|Any CPU.Build.0 = Release|Any CPU
		{0E5C5515-ADE4-48F2-AA80-C7FD821F99F4}.Debug|Any CPU.ActiveCfg = Debug|Any CPU
		{0E5C5515-ADE4-48F2-AA80-C7FD821F99F4}.Debug|Any CPU.Build.0 = Debug|Any CPU
		{0E5C5515-ADE4-48F2-AA80-C7FD821F99F4}.Release|Any CPU.ActiveCfg = Release|Any CPU
		{0E5C5515-ADE4-48F2-AA80-C7FD821F99F4}.Release|Any CPU.Build.0 = Release|Any CPU
		{0A750973-AB0A-4520-8049-CFE04CB06994}.Debug|Any CPU.ActiveCfg = Debug|Any CPU
		{0A750973-AB0A-4520-8049-CFE04CB06994}.Debug|Any CPU.Build.0 = Debug|Any CPU
		{0A750973-AB0A-4520-8049-CFE04CB06994}.Release|Any CPU.ActiveCfg = Release|Any CPU
		{0A750973-AB0A-4520-8049-CFE04CB06994}.Release|Any CPU.Build.0 = Release|Any CPU
		{73021870-B3CE-41DB-B940-118D7A299043}.Debug|Any CPU.ActiveCfg = Debug|Any CPU
		{73021870-B3CE-41DB-B940-118D7A299043}.Debug|Any CPU.Build.0 = Debug|Any CPU
		{73021870-B3CE-41DB-B940-118D7A299043}.Release|Any CPU.ActiveCfg = Release|Any CPU
		{73021870-B3CE-41DB-B940-118D7A299043}.Release|Any CPU.Build.0 = Release|Any CPU
		{E299C21F-9CB8-4AA7-8C1A-B5A5BDB0301F}.Debug|Any CPU.ActiveCfg = Debug|Any CPU
		{E299C21F-9CB8-4AA7-8C1A-B5A5BDB0301F}.Debug|Any CPU.Build.0 = Debug|Any CPU
		{E299C21F-9CB8-4AA7-8C1A-B5A5BDB0301F}.Release|Any CPU.ActiveCfg = Release|Any CPU
		{E299C21F-9CB8-4AA7-8C1A-B5A5BDB0301F}.Release|Any CPU.Build.0 = Release|Any CPU
		{9D4920C4-DE82-4CB5-BA97-D68E68B8656F}.Debug|Any CPU.ActiveCfg = Debug|Any CPU
		{9D4920C4-DE82-4CB5-BA97-D68E68B8656F}.Debug|Any CPU.Build.0 = Debug|Any CPU
		{9D4920C4-DE82-4CB5-BA97-D68E68B8656F}.Release|Any CPU.ActiveCfg = Release|Any CPU
		{9D4920C4-DE82-4CB5-BA97-D68E68B8656F}.Release|Any CPU.Build.0 = Release|Any CPU
		{23053311-F73F-4C94-86F0-0B9F6AD4F67A}.Debug|Any CPU.ActiveCfg = Debug|Any CPU
		{23053311-F73F-4C94-86F0-0B9F6AD4F67A}.Debug|Any CPU.Build.0 = Debug|Any CPU
		{23053311-F73F-4C94-86F0-0B9F6AD4F67A}.Release|Any CPU.ActiveCfg = Release|Any CPU
		{23053311-F73F-4C94-86F0-0B9F6AD4F67A}.Release|Any CPU.Build.0 = Release|Any CPU
		{4AEADEBE-41AE-4EB1-99D3-5168CE63CC84}.Debug|Any CPU.ActiveCfg = Debug|Any CPU
		{4AEADEBE-41AE-4EB1-99D3-5168CE63CC84}.Debug|Any CPU.Build.0 = Debug|Any CPU
		{4AEADEBE-41AE-4EB1-99D3-5168CE63CC84}.Release|Any CPU.ActiveCfg = Release|Any CPU
		{4AEADEBE-41AE-4EB1-99D3-5168CE63CC84}.Release|Any CPU.Build.0 = Release|Any CPU
		{FD6F13B0-8703-4460-A858-F0414AC3D9AE}.Debug|Any CPU.ActiveCfg = Debug|Any CPU
		{FD6F13B0-8703-4460-A858-F0414AC3D9AE}.Debug|Any CPU.Build.0 = Debug|Any CPU
		{FD6F13B0-8703-4460-A858-F0414AC3D9AE}.Release|Any CPU.ActiveCfg = Release|Any CPU
		{FD6F13B0-8703-4460-A858-F0414AC3D9AE}.Release|Any CPU.Build.0 = Release|Any CPU
		{EA1F1FCA-1A9F-44BF-9819-875086C1772D}.Debug|Any CPU.ActiveCfg = Debug|Any CPU
		{EA1F1FCA-1A9F-44BF-9819-875086C1772D}.Debug|Any CPU.Build.0 = Debug|Any CPU
		{EA1F1FCA-1A9F-44BF-9819-875086C1772D}.Release|Any CPU.ActiveCfg = Release|Any CPU
		{EA1F1FCA-1A9F-44BF-9819-875086C1772D}.Release|Any CPU.Build.0 = Release|Any CPU
	EndGlobalSection
	GlobalSection(SolutionProperties) = preSolution
		HideSolutionNode = FALSE
	EndGlobalSection
	GlobalSection(NestedProjects) = preSolution
		{2D57BA54-815A-47E0-A1C2-93C069B9A812} = {B1F8CFC6-AB03-441E-8076-4A073E8A0257}
		{4B5AE225-E6B1-4E49-9904-B37F6BF9A062} = {B1F8CFC6-AB03-441E-8076-4A073E8A0257}
		{2302057B-695B-4B89-9D48-34BD474E4345} = {B1F8CFC6-AB03-441E-8076-4A073E8A0257}
		{A2B02136-FF91-4DEA-98EB-BF31A2CD22D4} = {D9DF0046-A7C7-45BE-B7E6-3ADC7A091CDF}
		{C5577FB0-4C96-4EBA-974F-349C7636F532} = {D9DF0046-A7C7-45BE-B7E6-3ADC7A091CDF}
		{FE39E8DA-3BBE-4AE0-AE09-C764DC9E7859} = {B1F8CFC6-AB03-441E-8076-4A073E8A0257}
		{7EB42C29-642F-4D49-9668-09D1F2D8515A} = {B1F8CFC6-AB03-441E-8076-4A073E8A0257}
		{0B7E0B21-C01F-416D-9909-B674FD4631BE} = {B1F8CFC6-AB03-441E-8076-4A073E8A0257}
		{0E5C5515-ADE4-48F2-AA80-C7FD821F99F4} = {D9DF0046-A7C7-45BE-B7E6-3ADC7A091CDF}
		{0A750973-AB0A-4520-8049-CFE04CB06994} = {D9DF0046-A7C7-45BE-B7E6-3ADC7A091CDF}
		{0730E42C-E129-4620-8F89-429EFA5FDC52} = {B1F8CFC6-AB03-441E-8076-4A073E8A0257}
		{73021870-B3CE-41DB-B940-118D7A299043} = {0730E42C-E129-4620-8F89-429EFA5FDC52}
		{E299C21F-9CB8-4AA7-8C1A-B5A5BDB0301F} = {0730E42C-E129-4620-8F89-429EFA5FDC52}
		{9D4920C4-DE82-4CB5-BA97-D68E68B8656F} = {0730E42C-E129-4620-8F89-429EFA5FDC52}
		{23053311-F73F-4C94-86F0-0B9F6AD4F67A} = {B1F8CFC6-AB03-441E-8076-4A073E8A0257}
		{4AEADEBE-41AE-4EB1-99D3-5168CE63CC84} = {B1F8CFC6-AB03-441E-8076-4A073E8A0257}
		{FD6F13B0-8703-4460-A858-F0414AC3D9AE} = {B1F8CFC6-AB03-441E-8076-4A073E8A0257}
	EndGlobalSection
	GlobalSection(ExtensibilityGlobals) = postSolution
		SolutionGuid = {47C82F64-5E24-4FAC-8796-D945A77F8863}
	EndGlobalSection
EndGlobal
